
Microsoft Visual Studio Solution File, Format Version 12.00
# Visual Studio 15
VisualStudioVersion = 15.0.27428.2037
MinimumVisualStudioVersion = 10.0.40219.1
Project("{FAE04EC0-301F-11D3-BF4B-00C04F79EFBC}") = "assisgnment 2", "assisgnment 2\assisgnment 2.csproj", "{56EE1446-0B46-434C-95C1-859A3D049894}"
EndProject
Global
	GlobalSection(SolutionConfigurationPlatforms) = preSolution
		Debug|Any CPU = Debug|Any CPU
		Release|Any CPU = Release|Any CPU
	EndGlobalSection
	GlobalSection(ProjectConfigurationPlatforms) = postSolution
		{56EE1446-0B46-434C-95C1-859A3D049894}.Debug|Any CPU.ActiveCfg = Debug|Any CPU
		{56EE1446-0B46-434C-95C1-859A3D049894}.Debug|Any CPU.Build.0 = Debug|Any CPU
		{56EE1446-0B46-434C-95C1-859A3D049894}.Release|Any CPU.ActiveCfg = Release|Any CPU
		{56EE1446-0B46-434C-95C1-859A3D049894}.Release|Any CPU.Build.0 = Release|Any CPU
	EndGlobalSection
	GlobalSection(SolutionProperties) = preSolution
		HideSolutionNode = FALSE
	EndGlobalSection
	GlobalSection(ExtensibilityGlobals) = postSolution
		SolutionGuid = {0672AE0F-84B3-4859-8780-2A545DE92A23}
	EndGlobalSection
EndGlobal
